
Microsoft Visual Studio Solution File, Format Version 12.00
# Visual Studio 15
VisualStudioVersion = 15.0.28307.136
MinimumVisualStudioVersion = 10.0.40219.1
Project("{FAE04EC0-301F-11D3-BF4B-00C04F79EFBC}") = "MyUnityLibrary", "MyUnityLibrary\MyUnityLibrary.csproj", "{84396488-0452-4D60-BEAD-B0AA16FB1A1D}"
EndProject
Global
	GlobalSection(SolutionConfigurationPlatforms) = preSolution
		Debug|Any CPU = Debug|Any CPU
		Release|Any CPU = Release|Any CPU
	EndGlobalSection
	GlobalSection(ProjectConfigurationPlatforms) = postSolution
		{84396488-0452-4D60-BEAD-B0AA16FB1A1D}.Debug|Any CPU.ActiveCfg = Debug|Any CPU
		{84396488-0452-4D60-BEAD-B0AA16FB1A1D}.Debug|Any CPU.Build.0 = Debug|Any CPU
		{84396488-0452-4D60-BEAD-B0AA16FB1A1D}.Release|Any CPU.ActiveCfg = Release|Any CPU
		{84396488-0452-4D60-BEAD-B0AA16FB1A1D}.Release|Any CPU.Build.0 = Release|Any CPU
	EndGlobalSection
	GlobalSection(SolutionProperties) = preSolution
		HideSolutionNode = FALSE
	EndGlobalSection
	GlobalSection(ExtensibilityGlobals) = postSolution
		SolutionGuid = {BDA39ECC-F256-42E2-B0A3-3CEE57140012}
	EndGlobalSection
EndGlobal
